
Microsoft Visual Studio Solution File, Format Version 12.00
# Visual Studio Version 16
VisualStudioVersion = 16.0.31624.102
MinimumVisualStudioVersion = 10.0.40219.1
Project("{9A19103F-16F7-4668-BE54-9A1E7A4F7556}") = "UI", "VisitorsPlacementTool\UI.csproj", "{2B9B6019-0616-4C10-A64E-4A4E69A03863}"
EndProject
Project("{9A19103F-16F7-4668-BE54-9A1E7A4F7556}") = "VisitorsPlacementToolTests", "VisitorsPlacementToolTests\VisitorsPlacementToolTests.csproj", "{7D985EC4-F281-4408-827F-A44FA64DAE4D}"
EndProject
Project("{9A19103F-16F7-4668-BE54-9A1E7A4F7556}") = "Domain", "VPT_ClassLibrary\Domain.csproj", "{B01A8CE9-8C54-4FC1-8C3C-C4F14B9AA08C}"
EndProject
Project("{9A19103F-16F7-4668-BE54-9A1E7A4F7556}") = "DAL", "VisitorsPlacementDAL\DAL.csproj", "{5B5054BD-A550-4406-985B-03956BD82502}"
EndProject
Project("{9A19103F-16F7-4668-BE54-9A1E7A4F7556}") = "Logic", "VisitorsPlacementLogic\Logic.csproj", "{7A6BE568-B64C-40E7-8706-095E59CCB35A}"
EndProject
Project("{FAE04EC0-301F-11D3-BF4B-00C04F79EFBC}") = "DALInterfaces", "DALInterfaces\DALInterfaces.csproj", "{ADB4B3F1-9F17-4D88-8F25-469DC57B0EBA}"
EndProject
Project("{FAE04EC0-301F-11D3-BF4B-00C04F79EFBC}") = "LogicInterfaces", "LogicInterfaces\LogicInterfaces.csproj", "{1F11D911-94E4-419B-BEB7-AEC0482017D7}"
EndProject
Project("{FAE04EC0-301F-11D3-BF4B-00C04F79EFBC}") = "DALFactories", "Factories\DALFactories.csproj", "{36852D53-B4ED-4D55-83E5-307B911EF716}"
EndProject
Project("{FAE04EC0-301F-11D3-BF4B-00C04F79EFBC}") = "LogicFactories", "BezoekerLogicFactories\LogicFactories.csproj", "{6939F151-4BC4-4C26-A0A7-D7FA0764BA49}"
EndProject
Global
	GlobalSection(SolutionConfigurationPlatforms) = preSolution
		Debug|Any CPU = Debug|Any CPU
		Release|Any CPU = Release|Any CPU
	EndGlobalSection
	GlobalSection(ProjectConfigurationPlatforms) = postSolution
		{2B9B6019-0616-4C10-A64E-4A4E69A03863}.Debug|Any CPU.ActiveCfg = Debug|Any CPU
		{2B9B6019-0616-4C10-A64E-4A4E69A03863}.Debug|Any CPU.Build.0 = Debug|Any CPU
		{2B9B6019-0616-4C10-A64E-4A4E69A03863}.Release|Any CPU.ActiveCfg = Release|Any CPU
		{2B9B6019-0616-4C10-A64E-4A4E69A03863}.Release|Any CPU.Build.0 = Release|Any CPU
		{7D985EC4-F281-4408-827F-A44FA64DAE4D}.Debug|Any CPU.ActiveCfg = Debug|Any CPU
		{7D985EC4-F281-4408-827F-A44FA64DAE4D}.Debug|Any CPU.Build.0 = Debug|Any CPU
		{7D985EC4-F281-4408-827F-A44FA64DAE4D}.Release|Any CPU.ActiveCfg = Release|Any CPU
		{7D985EC4-F281-4408-827F-A44FA64DAE4D}.Release|Any CPU.Build.0 = Release|Any CPU
		{B01A8CE9-8C54-4FC1-8C3C-C4F14B9AA08C}.Debug|Any CPU.ActiveCfg = Debug|Any CPU
		{B01A8CE9-8C54-4FC1-8C3C-C4F14B9AA08C}.Debug|Any CPU.Build.0 = Debug|Any CPU
		{B01A8CE9-8C54-4FC1-8C3C-C4F14B9AA08C}.Release|Any CPU.ActiveCfg = Release|Any CPU
		{B01A8CE9-8C54-4FC1-8C3C-C4F14B9AA08C}.Release|Any CPU.Build.0 = Release|Any CPU
		{5B5054BD-A550-4406-985B-03956BD82502}.Debug|Any CPU.ActiveCfg = Debug|Any CPU
		{5B5054BD-A550-4406-985B-03956BD82502}.Debug|Any CPU.Build.0 = Debug|Any CPU
		{5B5054BD-A550-4406-985B-03956BD82502}.Release|Any CPU.ActiveCfg = Release|Any CPU
		{5B5054BD-A550-4406-985B-03956BD82502}.Release|Any CPU.Build.0 = Release|Any CPU
		{7A6BE568-B64C-40E7-8706-095E59CCB35A}.Debug|Any CPU.ActiveCfg = Debug|Any CPU
		{7A6BE568-B64C-40E7-8706-095E59CCB35A}.Debug|Any CPU.Build.0 = Debug|Any CPU
		{7A6BE568-B64C-40E7-8706-095E59CCB35A}.Release|Any CPU.ActiveCfg = Release|Any CPU
		{7A6BE568-B64C-40E7-8706-095E59CCB35A}.Release|Any CPU.Build.0 = Release|Any CPU
		{ADB4B3F1-9F17-4D88-8F25-469DC57B0EBA}.Debug|Any CPU.ActiveCfg = Debug|Any CPU
		{ADB4B3F1-9F17-4D88-8F25-469DC57B0EBA}.Debug|Any CPU.Build.0 = Debug|Any CPU
		{ADB4B3F1-9F17-4D88-8F25-469DC57B0EBA}.Release|Any CPU.ActiveCfg = Release|Any CPU
		{ADB4B3F1-9F17-4D88-8F25-469DC57B0EBA}.Release|Any CPU.Build.0 = Release|Any CPU
		{1F11D911-94E4-419B-BEB7-AEC0482017D7}.Debug|Any CPU.ActiveCfg = Debug|Any CPU
		{1F11D911-94E4-419B-BEB7-AEC0482017D7}.Debug|Any CPU.Build.0 = Debug|Any CPU
		{1F11D911-94E4-419B-BEB7-AEC0482017D7}.Release|Any CPU.ActiveCfg = Release|Any CPU
		{1F11D911-94E4-419B-BEB7-AEC0482017D7}.Release|Any CPU.Build.0 = Release|Any CPU
		{36852D53-B4ED-4D55-83E5-307B911EF716}.Debug|Any CPU.ActiveCfg = Debug|Any CPU
		{36852D53-B4ED-4D55-83E5-307B911EF716}.Debug|Any CPU.Build.0 = Debug|Any CPU
		{36852D53-B4ED-4D55-83E5-307B911EF716}.Release|Any CPU.ActiveCfg = Release|Any CPU
		{36852D53-B4ED-4D55-83E5-307B911EF716}.Release|Any CPU.Build.0 = Release|Any CPU
		{6939F151-4BC4-4C26-A0A7-D7FA0764BA49}.Debug|Any CPU.ActiveCfg = Debug|Any CPU
		{6939F151-4BC4-4C26-A0A7-D7FA0764BA49}.Debug|Any CPU.Build.0 = Debug|Any CPU
		{6939F151-4BC4-4C26-A0A7-D7FA0764BA49}.Release|Any CPU.ActiveCfg = Release|Any CPU
		{6939F151-4BC4-4C26-A0A7-D7FA0764BA49}.Release|Any CPU.Build.0 = Release|Any CPU
	EndGlobalSection
	GlobalSection(SolutionProperties) = preSolution
		HideSolutionNode = FALSE
	EndGlobalSection
	GlobalSection(ExtensibilityGlobals) = postSolution
		SolutionGuid = {277A1A6F-F930-4B35-BEBA-FDEE2B51862B}
	EndGlobalSection
EndGlobal
